RESTRICTION: == net8.0
NUGET
  remote: https://api.nuget.org/v3/index.json
    Elmish (4.4)
    Fable.AST (5.0)
    Fable.Browser.Blob (1.4)
      Fable.Core (>= 3.2.8)
      FSharp.Core (>= 4.7.2)
    Fable.Browser.Dom (2.20)
      Fable.Browser.Blob (>= 1.4)
      Fable.Browser.Event (>= 1.7)
      Fable.Browser.WebStorage (>= 1.3)
      Fable.Core (>= 3.2.8)
      FSharp.Core (>= 4.7.2)
    Fable.Browser.Event (1.7)
      Fable.Browser.Gamepad (>= 1.3)
      Fable.Core (>= 3.2.8)
      FSharp.Core (>= 4.7.2)
    Fable.Browser.Gamepad (1.3)
      Fable.Core (>= 3.2.8)
      FSharp.Core (>= 4.7.2)
    Fable.Browser.WebStorage (1.3)
      Fable.Browser.Event (>= 1.6)
      Fable.Core (>= 3.2.8)
      FSharp.Core (>= 4.7.2)
    Fable.Browser.XMLHttpRequest (1.4)
      Fable.Browser.Blob (>= 1.4)
      Fable.Browser.Event (>= 1.6)
      Fable.Core (>= 3.2.8)
      FSharp.Core (>= 4.7.2)
    Fable.Core (4.5)
    Fable.Elmish (5.0.2)
      Fable.Core (>= 4.0)
      FSharp.Core (>= 4.7.2)
    Fable.Elmish.React (5.6)
      Fable.Elmish (>= 5.0.2)
      Fable.ReactDom.Types (>= 18.2)
      FSharp.Core (>= 4.7.2)
    Fable.Promise (2.2.2)
      Fable.Core (>= 3.1.5)
      FSharp.Core (>= 4.7.2)
    Fable.React (9.4)
      Fable.React.Types (>= 18.3)
      Fable.ReactDom.Types (>= 18.2)
      FSharp.Core (>= 4.7.2)
    Fable.React.Types (18.4)
      Fable.Browser.Dom (>= 2.4.4)
      Fable.Core (>= 3.2.7)
      FSharp.Core (>= 4.7.2)
    Fable.ReactDom.Types (18.2)
      Fable.React.Types (>= 18.3)
      FSharp.Core (>= 4.7.2)
    Fable.SimpleHttp (3.6)
      Fable.Browser.Dom (>= 1.0)
      Fable.Browser.XMLHttpRequest (>= 1.1)
      Fable.Core (>= 3.0)
      FSharp.Core (>= 4.6.2)
    Feliz (2.6)
      Fable.ReactDom.Types (>= 18.2)
      Feliz.CompilerPlugins (>= 2.2)
      FSharp.Core (>= 4.7.2)
    Feliz.CompilerPlugins (2.2)
      Fable.AST (>= 4.2.1)
      FSharp.Core (>= 4.7.2)
    FSharp.Core (6.0.7)
    FsUnit.xUnit (5.6.1)
      FSharp.Core (>= 5.0.2)
      NHamcrest (>= 3.4)
      xunit (>= 2.5.3)
    Giraffe (6.4)
      FSharp.Core (>= 6.0)
      Giraffe.ViewEngine (>= 1.4)
      Microsoft.IO.RecyclableMemoryStream (>= 3.0)
      Newtonsoft.Json (>= 13.0.3)
      System.Text.Json (>= 8.0.3)
    Giraffe.ViewEngine (1.4)
      FSharp.Core (>= 5.0)
    Humanizer.Core (3.0.10)
    Json.More.Net (3.0.1)
    JsonPointer.Net (7.0.1)
      Humanizer.Core (>= 2.14.1)
      Json.More.Net (>= 3.0.1)
    JsonSchema.Net (6.1.2)
      Json.More.Net (>= 2.0)
      JsonPointer.Net (>= 4.0)
    Microsoft.AspNetCore.Mvc.Testing (6.0.36)
      Microsoft.AspNetCore.TestHost (>= 6.0.36)
      Microsoft.Extensions.DependencyModel (>= 6.0.2)
      Microsoft.Extensions.Hosting (>= 6.0.1)
    Microsoft.AspNetCore.TestHost (6.0.36)
      System.IO.Pipelines (>= 6.0.3)
    Microsoft.CodeCoverage (18.6)
    Microsoft.Extensions.Configuration (10.0.9)
      Microsoft.Extensions.Configuration.Abstractions (>= 10.0.9)
      Microsoft.Extensions.Primitives (>= 10.0.9)
    Microsoft.Extensions.Configuration.Abstractions (10.0.9)
      Microsoft.Extensions.Primitives (>= 10.0.9)
    Microsoft.Extensions.Configuration.Binder (10.0.9)
      Microsoft.Extensions.Configuration (>= 10.0.9)
      Microsoft.Extensions.Configuration.Abstractions (>= 10.0.9)
    Microsoft.Extensions.Configuration.CommandLine (10.0.9)
      Microsoft.Extensions.Configuration (>= 10.0.9)
      Microsoft.Extensions.Configuration.Abstractions (>= 10.0.9)
    Microsoft.Extensions.Configuration.EnvironmentVariables (10.0.9)
      Microsoft.Extensions.Configuration (>= 10.0.9)
      Microsoft.Extensions.Configuration.Abstractions (>= 10.0.9)
    Microsoft.Extensions.Configuration.FileExtensions (10.0.9)
      Microsoft.Extensions.Configuration (>= 10.0.9)
      Microsoft.Extensions.Configuration.Abstractions (>= 10.0.9)
      Microsoft.Extensions.FileProviders.Abstractions (>= 10.0.9)
      Microsoft.Extensions.FileProviders.Physical (>= 10.0.9)
      Microsoft.Extensions.Primitives (>= 10.0.9)
    Microsoft.Extensions.Configuration.Json (10.0.9)
      Microsoft.Extensions.Configuration (>= 10.0.9)
      Microsoft.Extensions.Configuration.Abstractions (>= 10.0.9)
      Microsoft.Extensions.Configuration.FileExtensions (>= 10.0.9)
      Microsoft.Extensions.FileProviders.Abstractions (>= 10.0.9)
      System.Text.Json (>= 10.0.9)
    Microsoft.Extensions.Configuration.UserSecrets (10.0.9)
      Microsoft.Extensions.Configuration.Abstractions (>= 10.0.9)
      Microsoft.Extensions.Configuration.Json (>= 10.0.9)
      Microsoft.Extensions.FileProviders.Abstractions (>= 10.0.9)
      Microsoft.Extensions.FileProviders.Physical (>= 10.0.9)
    Microsoft.Extensions.DependencyInjection (10.0.9)
      Microsoft.Extensions.DependencyInjection.Abstractions (>= 10.0.9)
    Microsoft.Extensions.DependencyInjection.Abstractions (10.0.9)
    Microsoft.Extensions.DependencyModel (10.0.9)
      System.Text.Encodings.Web (>= 10.0.9)
      System.Text.Json (>= 10.0.9)
    Microsoft.Extensions.Diagnostics (10.0.9)
      Microsoft.Extensions.Configuration (>= 10.0.9)
      Microsoft.Extensions.Diagnostics.Abstractions (>= 10.0.9)
      Microsoft.Extensions.Options.ConfigurationExtensions (>= 10.0.9)
    Microsoft.Extensions.Diagnostics.Abstractions (10.0.9)
      Microsoft.Extensions.DependencyInjection.Abstractions (>= 10.0.9)
      Microsoft.Extensions.Options (>= 10.0.9)
      System.Diagnostics.DiagnosticSource (>= 10.0.9)
    Microsoft.Extensions.FileProviders.Abstractions (10.0.9)
      Microsoft.Extensions.Primitives (>= 10.0.9)
    Microsoft.Extensions.FileProviders.Physical (10.0.9)
      Microsoft.Extensions.FileProviders.Abstractions (>= 10.0.9)
      Microsoft.Extensions.FileSystemGlobbing (>= 10.0.9)
      Microsoft.Extensions.Primitives (>= 10.0.9)
    Microsoft.Extensions.FileSystemGlobbing (10.0.9)
    Microsoft.Extensions.Hosting (10.0.9)
      Microsoft.Extensions.Configuration (>= 10.0.9)
      Microsoft.Extensions.Configuration.Abstractions (>= 10.0.9)
      Microsoft.Extensions.Configuration.Binder (>= 10.0.9)
      Microsoft.Extensions.Configuration.CommandLine (>= 10.0.9)
      Microsoft.Extensions.Configuration.EnvironmentVariables (>= 10.0.9)
      Microsoft.Extensions.Configuration.FileExtensions (>= 10.0.9)
      Microsoft.Extensions.Configuration.Json (>= 10.0.9)
      Microsoft.Extensions.Configuration.UserSecrets (>= 10.0.9)
      Microsoft.Extensions.DependencyInjection (>= 10.0.9)
      Microsoft.Extensions.DependencyInjection.Abstractions (>= 10.0.9)
      Microsoft.Extensions.Diagnostics (>= 10.0.9)
      Microsoft.Extensions.FileProviders.Abstractions (>= 10.0.9)
      Microsoft.Extensions.FileProviders.Physical (>= 10.0.9)
      Microsoft.Extensions.Hosting.Abstractions (>= 10.0.9)
      Microsoft.Extensions.Logging (>= 10.0.9)
      Microsoft.Extensions.Logging.Abstractions (>= 10.0.9)
      Microsoft.Extensions.Logging.Configuration (>= 10.0.9)
      Microsoft.Extensions.Logging.Console (>= 10.0.9)
      Microsoft.Extensions.Logging.Debug (>= 10.0.9)
      Microsoft.Extensions.Logging.EventLog (>= 10.0.9)
      Microsoft.Extensions.Logging.EventSource (>= 10.0.9)
      Microsoft.Extensions.Options (>= 10.0.9)
    Microsoft.Extensions.Hosting.Abstractions (10.0.9)
      Microsoft.Extensions.Configuration.Abstractions (>= 10.0.9)
      Microsoft.Extensions.DependencyInjection.Abstractions (>= 10.0.9)
      Microsoft.Extensions.Diagnostics.Abstractions (>= 10.0.9)
      Microsoft.Extensions.FileProviders.Abstractions (>= 10.0.9)
      Microsoft.Extensions.Logging.Abstractions (>= 10.0.9)
    Microsoft.Extensions.Logging (10.0.9)
      Microsoft.Extensions.DependencyInjection (>= 10.0.9)
      Microsoft.Extensions.Logging.Abstractions (>= 10.0.9)
      Microsoft.Extensions.Options (>= 10.0.9)
    Microsoft.Extensions.Logging.Abstractions (10.0.9)
      Microsoft.Extensions.DependencyInjection.Abstractions (>= 10.0.9)
      System.Diagnostics.DiagnosticSource (>= 10.0.9)
    Microsoft.Extensions.Logging.Configuration (10.0.9)
      Microsoft.Extensions.Configuration (>= 10.0.9)
      Microsoft.Extensions.Configuration.Abstractions (>= 10.0.9)
      Microsoft.Extensions.Configuration.Binder (>= 10.0.9)
      Microsoft.Extensions.DependencyInjection.Abstractions (>= 10.0.9)
      Microsoft.Extensions.Logging (>= 10.0.9)
      Microsoft.Extensions.Logging.Abstractions (>= 10.0.9)
      Microsoft.Extensions.Options (>= 10.0.9)
      Microsoft.Extensions.Options.ConfigurationExtensions (>= 10.0.9)
    Microsoft.Extensions.Logging.Console (10.0.9)
      Microsoft.Extensions.DependencyInjection.Abstractions (>= 10.0.9)
      Microsoft.Extensions.Logging (>= 10.0.9)
      Microsoft.Extensions.Logging.Abstractions (>= 10.0.9)
      Microsoft.Extensions.Logging.Configuration (>= 10.0.9)
      Microsoft.Extensions.Options (>= 10.0.9)
      System.Text.Json (>= 10.0.9)
    Microsoft.Extensions.Logging.Debug (10.0.9)
      Microsoft.Extensions.DependencyInjection.Abstractions (>= 10.0.9)
      Microsoft.Extensions.Logging (>= 10.0.9)
      Microsoft.Extensions.Logging.Abstractions (>= 10.0.9)
    Microsoft.Extensions.Logging.EventLog (10.0.9)
      Microsoft.Extensions.DependencyInjection.Abstractions (>= 10.0.9)
      Microsoft.Extensions.Logging (>= 10.0.9)
      Microsoft.Extensions.Logging.Abstractions (>= 10.0.9)
      Microsoft.Extensions.Options (>= 10.0.9)
      System.Diagnostics.EventLog (>= 10.0.9)
    Microsoft.Extensions.Logging.EventSource (10.0.9)
      Microsoft.Extensions.DependencyInjection.Abstractions (>= 10.0.9)
      Microsoft.Extensions.Logging (>= 10.0.9)
      Microsoft.Extensions.Logging.Abstractions (>= 10.0.9)
      Microsoft.Extensions.Options (>= 10.0.9)
      Microsoft.Extensions.Primitives (>= 10.0.9)
      System.Text.Json (>= 10.0.9)
    Microsoft.Extensions.Options (10.0.9)
      Microsoft.Extensions.DependencyInjection.Abstractions (>= 10.0.9)
      Microsoft.Extensions.Primitives (>= 10.0.9)
    Microsoft.Extensions.Options.ConfigurationExtensions (10.0.9)
      Microsoft.Extensions.Configuration.Abstractions (>= 10.0.9)
      Microsoft.Extensions.Configuration.Binder (>= 10.0.9)
      Microsoft.Extensions.DependencyInjection.Abstractions (>= 10.0.9)
      Microsoft.Extensions.Options (>= 10.0.9)
      Microsoft.Extensions.Primitives (>= 10.0.9)
    Microsoft.Extensions.Primitives (10.0.9)
    Microsoft.IO.RecyclableMemoryStream (3.0.1)
    Microsoft.NET.Test.Sdk (17.8)
      Microsoft.CodeCoverage (>= 17.8)
      Microsoft.TestPlatform.TestHost (>= 17.8)
    Microsoft.TestPlatform.ObjectModel (18.6)
      System.Reflection.Metadata (>= 8.0)
    Microsoft.TestPlatform.TestHost (18.6)
      Microsoft.TestPlatform.ObjectModel (>= 18.6)
      Newtonsoft.Json (>= 13.0.3)
    Newtonsoft.Json (13.0.4)
    NHamcrest (4.0)
    System.Collections.Immutable (10.0.9)
    System.Diagnostics.DiagnosticSource (10.0.9)
    System.Diagnostics.EventLog (10.0.9)
    System.IO.Pipelines (10.0.9)
    System.Reflection.Metadata (10.0.9)
      System.Collections.Immutable (>= 10.0.9)
    System.Security.Cryptography.ProtectedData (10.0.9)
    System.Text.Encodings.Web (10.0.9)
    System.Text.Json (10.0.9)
      System.IO.Pipelines (>= 10.0.9)
      System.Text.Encodings.Web (>= 10.0.9)
    Thoth.Json (10.4.1)
      Fable.Core (>= 4.1)
      FSharp.Core (>= 5.0.2)
    Thoth.Json.Net (10.1)
      Fable.Core (>= 3.1.6)
      FSharp.Core (>= 4.7.2)
      Newtonsoft.Json (>= 11.0.2)
    xunit (2.9.3)
      xunit.analyzers (>= 1.18)
      xunit.assert (>= 2.9.3)
      xunit.core (2.9.3)
    xunit.abstractions (2.0.3)
    xunit.analyzers (1.27)
    xunit.assert (2.9.3)
    xunit.core (2.9.3)
      xunit.extensibility.core (2.9.3)
      xunit.extensibility.execution (2.9.3)
    xunit.extensibility.core (2.9.3)
      xunit.abstractions (>= 2.0.3)
    xunit.extensibility.execution (2.9.3)
      xunit.extensibility.core (2.9.3)
    xunit.runner.visualstudio (2.8.2)
